PODS:
  - iVersion (1.11.5)
  - KVVersionManager (0.2.4):
    - iVersion

DEPENDENCIES:
  - iVersion
  - KVVersionManager (from `../`)

SPEC REPOS:
  https://github.com/cocoapods/specs.git:
    - iVersion

EXTERNAL SOURCES:
  KVVersionManager:
    :path: "../"

SPEC CHECKSUMS:
  iVersion: 3a93a89259eb3b52b0a8ba52c46a0027fa6b4d30
  KVVersionManager: 902b0b26f4fde7c005c08372e6edf51306d73fe5

PODFILE CHECKSUM: eddf093ca09fa7752b5c852079aa7980fd488bbe

COCOAPODS: 1.5.3
